
Microsoft Visual Studio Solution File, Format Version 12.00
# Visual Studio Version 17
VisualStudioVersion = 17.0.31605.277
MinimumVisualStudioVersion = 10.0.40219.1
Project("{9A19103F-16F7-4668-BE54-9A1E7A4F7556}") = "ConsoleApp0806TestRepo", "ConsoleApp0806TestRepo\ConsoleApp0806TestRepo.csproj", "{B8E885C5-70A2-4045-A992-F2D39A42E29D}"
EndProject
Project("{9A19103F-16F7-4668-BE54-9A1E7A4F7556}") = "ConsoleApp4", "..\..\0723TestRepo\ConsoleApp4\ConsoleApp4.csproj", "{B2A607A0-7FC2-4328-8C4A-777F4AAD34B9}"
EndProject
Global
	GlobalSection(SolutionConfigurationPlatforms) = preSolution
		Debug|Any CPU = Debug|Any CPU
		Release|Any CPU = Release|Any CPU
	EndGlobalSection
	GlobalSection(ProjectConfigurationPlatforms) = postSolution
		{B8E885C5-70A2-4045-A992-F2D39A42E29D}.Debug|Any CPU.ActiveCfg = Debug|Any CPU
		{B8E885C5-70A2-4045-A992-F2D39A42E29D}.Debug|Any CPU.Build.0 = Debug|Any CPU
		{B8E885C5-70A2-4045-A992-F2D39A42E29D}.Release|Any CPU.ActiveCfg = Release|Any CPU
		{B8E885C5-70A2-4045-A992-F2D39A42E29D}.Release|Any CPU.Build.0 = Release|Any CPU
		{B2A607A0-7FC2-4328-8C4A-777F4AAD34B9}.Debug|Any CPU.ActiveCfg = Debug|Any CPU
		{B2A607A0-7FC2-4328-8C4A-777F4AAD34B9}.Debug|Any CPU.Build.0 = Debug|Any CPU
		{B2A607A0-7FC2-4328-8C4A-777F4AAD34B9}.Release|Any CPU.ActiveCfg = Release|Any CPU
		{B2A607A0-7FC2-4328-8C4A-777F4AAD34B9}.Release|Any CPU.Build.0 = Release|Any CPU
	EndGlobalSection
	GlobalSection(SolutionProperties) = preSolution
		HideSolutionNode = FALSE
	EndGlobalSection
	GlobalSection(ExtensibilityGlobals) = postSolution
		SolutionGuid = {0CD73BFA-E912-46B7-91AD-A8A0ACA06241}
	EndGlobalSection
EndGlobal
